// !$*UTF8*$!
{
	archiveVersion = 1;
	classes = {
	};
	objectVersion = 46;
	objects = {

/* Begin PBXBuildFile section */
		33590E281C628EBF00CC0247 /* Meal.swift in Sources */ = {isa = PBXBuildFile; fileRef = 33590E271C628EBF00CC0247 /* Meal.swift */; };
		33590E291C628EBF00CC0247 /* Meal.swift in Sources */ = {isa = PBXBuildFile; fileRef = 33590E271C628EBF00CC0247 /* Meal.swift */; };
		337B848A1C615B3200AC4FC9 /* RatingControl.swift in Sources */ = {isa = PBXBuildFile; fileRef = 337B84891C615B3200AC4FC9 /* RatingControl.swift */; };
		33C8C64A1C5BF528002C427A /* AppDelegate.swift in Sources */ = {isa = PBXBuildFile; fileRef = 33C8C6491C5BF528002C427A /* AppDelegate.swift */; };
		33C8C64C1C5BF528002C427A /* MealViewController.swift in Sources */ = {isa = PBXBuildFile; fileRef = 33C8C64B1C5BF528002C427A /* MealViewController.swift */; };
		33C8C64F1C5BF528002C427A /* Main.storyboard in Resources */ = {isa = PBXBuildFile; fileRef = 33C8C64D1C5BF528002C427A /* Main.storyboard */; };
		33C8C6511C5BF528002C427A /* Assets.xcassets in Resources */ = {isa = PBXBuildFile; fileRef = 33C8C6501C5BF528002C427A /* Assets.xcassets */; };
		33C8C6541C5BF528002C427A /* LaunchScreen.storyboard in Resources */ = {isa = PBXBuildFile; fileRef = 33C8C6521C5BF528002C427A /* LaunchScreen.storyboard */; };
		33C8C65F1C5BF529002C427A /* FoodTrackerTests.swift in Sources */ = {isa = PBXBuildFile; fileRef = 33C8C65E1C5BF529002C427A /* FoodTrackerTests.swift */; };
		33CDC73D1C63E49500257225 /* MealTableViewCell.swift in Sources */ = {isa = PBXBuildFile; fileRef = 33CDC73C1C63E49500257225 /* MealTableViewCell.swift */; };
		33CDC73F1C6402B500257225 /* MealTableViewController.swift in Sources */ = {isa = PBXBuildFile; fileRef = 33CDC73E1C6402B500257225 /* MealTableViewController.swift */; };
/* End PBXBuildFile section */

/* Begin PBXContainerItemProxy section */
		33C8C65B1C5BF529002C427A /* PBXContainerItemProxy */ = {
			isa = PBXContainerItemProxy;
			containerPortal = 33C8C63E1C5BF528002C427A /* Project object */;
			proxyType = 1;
			remoteGlobalIDString = 33C8C6451C5BF528002C427A;
			remoteInfo = FoodTracker;
		};
/* End PBXContainerItemProxy section */

/* Begin PBXFileReference section */
		33590E271C628EBF00CC0247 /* Meal.swift */ = {isa = PBXFileReference; fileEncoding = 4; lastKnownFileType = sourcecode.swift; path = Meal.swift; sourceTree = "<group>"; };
		337B84891C615B3200AC4FC9 /* RatingControl.swift */ = {isa = PBXFileReference; fileEncoding = 4; lastKnownFileType = sourcecode.swift; path = RatingControl.swift; sourceTree = "<group>"; };
		33C8C6461C5BF528002C427A /* FoodTracker.app */ = {isa = PBXFileReference; explicitFileType = wrapper.application; includeInIndex = 0; path = FoodTracker.app; sourceTree = BUILT_PRODUCTS_DIR; };
		33C8C6491C5BF528002C427A /* AppDelegate.swift */ = {isa = PBXFileReference; lastKnownFileType = sourcecode.swift; path = AppDelegate.swift; sourceTree = "<group>"; };
		33C8C64B1C5BF528002C427A /* MealViewController.swift */ = {isa = PBXFileReference; lastKnownFileType = sourcecode.swift; path = MealViewController.swift; sourceTree = "<group>"; };
		33C8C64E1C5BF528002C427A /* Base */ = {isa = PBXFileReference; lastKnownFileType = file.storyboard; name = Base; path = Base.lproj/Main.storyboard; sourceTree = "<group>"; };
		33C8C6501C5BF528002C427A /* Assets.xcassets */ = {isa = PBXFileReference; lastKnownFileType = folder.assetcatalog; path = Assets.xcassets; sourceTree = "<group>"; };
		33C8C6531C5BF528002C427A /* Base */ = {isa = PBXFileReference; lastKnownFileType = file.storyboard; name = Base; path = Base.lproj/LaunchScreen.storyboard; sourceTree = "<group>"; };
		33C8C6551C5BF528002C427A /* Info.plist */ = {isa = PBXFileReference; lastKnownFileType = text.plist.xml; path = Info.plist; sourceTree = "<group>"; };
		33C8C65A1C5BF529002C427A /* FoodTrackerTests.xctest */ = {isa = PBXFileReference; explicitFileType = wrapper.cfbundle; includeInIndex = 0; path = FoodTrackerTests.xctest; sourceTree = BUILT_PRODUCTS_DIR; };
		33C8C65E1C5BF529002C427A /* FoodTrackerTests.swift */ = {isa = PBXFileReference; lastKnownFileType = sourcecode.swift; path = FoodTrackerTests.swift; sourceTree = "<group>"; };
		33C8C6601C5BF529002C427A /* Info.plist */ = {isa = PBXFileReference; lastKnownFileType = text.plist.xml; path = Info.plist; sourceTree = "<group>"; };
		33CDC73C1C63E49500257225 /* MealTableViewCell.swift */ = {isa = PBXFileReference; fileEncoding = 4; lastKnownFileType = sourcecode.swift; path = MealTableViewCell.swift; sourceTree = "<group>"; };
		33CDC73E1C6402B500257225 /* MealTableViewController.swift */ = {isa = PBXFileReference; fileEncoding = 4; lastKnownFileType = sourcecode.swift; path = MealTableViewController.swift; sourceTree = "<group>"; };
/* End PBXFileReference section */

/* Begin PBXFrameworksBuildPhase section */
		33C8C6431C5BF528002C427A /* Frameworks */ = {
			isa = PBXFrameworksBuildPhase;
			buildActionMask = 2147483647;
			files = (
			);
			runOnlyForDeploymentPostprocessing = 0;
		};
		33C8C6571C5BF529002C427A /* Frameworks */ = {
			isa = PBXFrameworksBuildPhase;
			buildActionMask = 2147483647;
			files = (
			);
			runOnlyForDeploymentPostprocessing = 0;
		};
/* End PBXFrameworksBuildPhase section */

/* Begin PBXGroup section */
		33C8C63D1C5BF528002C427A = {
			isa = PBXGroup;
			children = (
				33C8C6481C5BF528002C427A /* FoodTracker */,
				33C8C65D1C5BF529002C427A /* FoodTrackerTests */,
				33C8C6471C5BF528002C427A /* Products */,
			);
			sourceTree = "<group>";
		};
		33C8C6471C5BF528002C427A /* Products */ = {
			isa = PBXGroup;
			children = (
				33C8C6461C5BF528002C427A /* FoodTracker.app */,
				33C8C65A1C5BF529002C427A /* FoodTrackerTests.xctest */,
			);
			name = Products;
			sourceTree = "<group>";
		};
		33C8C6481C5BF528002C427A /* FoodTracker */ = {
			isa = PBXGroup;
			children = (
				33590E271C628EBF00CC0247 /* Meal.swift */,
				33C8C6491C5BF528002C427A /* AppDelegate.swift */,
				33C8C64B1C5BF528002C427A /* MealViewController.swift */,
				337B84891C615B3200AC4FC9 /* RatingControl.swift */,
				33C8C64D1C5BF528002C427A /* Main.storyboard */,
				33CDC73E1C6402B500257225 /* MealTableViewController.swift */,
				33CDC73C1C63E49500257225 /* MealTableViewCell.swift */,
				33C8C6501C5BF528002C427A /* Assets.xcassets */,
				33C8C6521C5BF528002C427A /* LaunchScreen.storyboard */,
				33C8C6551C5BF528002C427A /* Info.plist */,
			);
			path = FoodTracker;
			sourceTree = "<group>";
		};
		33C8C65D1C5BF529002C427A /* FoodTrackerTests */ = {
			isa = PBXGroup;
			children = (
				33C8C65E1C5BF529002C427A /* FoodTrackerTests.swift */,
				33C8C6601C5BF529002C427A /* Info.plist */,
			);
			path = FoodTrackerTests;
			sourceTree = "<group>";
		};
/* End PBXGroup section */

/* Begin PBXNativeTarget section */
		33C8C6451C5BF528002C427A /* FoodTracker */ = {
			isa = PBXNativeTarget;
			buildConfigurationList = 33C8C6631C5BF529002C427A /* Build configuration list for PBXNativeTarget "FoodTracker" */;
			buildPhases = (
				33C8C6421C5BF528002C427A /* Sources */,
				33C8C6431C5BF528002C427A /* Frameworks */,
				33C8C6441C5BF528002C427A /* Resources */,
			);
			buildRules = (
			);
			dependencies = (
			);
			name = FoodTracker;
			productName = FoodTracker;
			productReference = 33C8C6461C5BF528002C427A /* FoodTracker.app */;
			productType = "com.apple.product-type.application";
		};
		33C8C6591C5BF529002C427A /* FoodTrackerTests */ = {
			isa = PBXNativeTarget;
			buildConfigurationList = 33C8C6661C5BF529002C427A /* Build configuration list for PBXNativeTarget "FoodTrackerTests" */;
			buildPhases = (
				33C8C6561C5BF529002C427A /* Sources */,
				33C8C6571C5BF529002C427A /* Frameworks */,
				33C8C6581C5BF529002C427A /* Resources */,
			);
			buildRules = (
			);
			dependencies = (
				33C8C65C1C5BF529002C427A /* PBXTargetDependency */,
			);
			name = FoodTrackerTests;
			productName = FoodTrackerTests;
			productReference = 33C8C65A1C5BF529002C427A /* FoodTrackerTests.xctest */;
			productType = "com.apple.product-type.bundle.unit-test";
		};
/* End PBXNativeTarget section */

/* Begin PBXProject section */
		33C8C63E1C5BF528002C427A /* Project object */ = {
			isa = PBXProject;
			attributes = {
				LastSwiftUpdateCheck = 0720;
				LastUpgradeCheck = 0720;
				ORGANIZATIONNAME = "Evan Turner";
				TargetAttributes = {
					33C8C6451C5BF528002C427A = {
						CreatedOnToolsVersion = 7.2;
					};
					33C8C6591C5BF529002C427A = {
						CreatedOnToolsVersion = 7.2;
						TestTargetID = 33C8C6451C5BF528002C427A;
					};
				};
			};
			buildConfigurationList = 33C8C6411C5BF528002C427A /* Build configuration list for PBXProject "FoodTracker" */;
			compatibilityVersion = "Xcode 3.2";
			developmentRegion = English;
			hasScannedForEncodings = 0;
			knownRegions = (
				en,
				Base,
			);
			mainGroup = 33C8C63D1C5BF528002C427A;
			productRefGroup = 33C8C6471C5BF528002C427A /* Products */;
			projectDirPath = "";
			projectRoot = "";
			targets = (
				33C8C6451C5BF528002C427A /* FoodTracker */,
				33C8C6591C5BF529002C427A /* FoodTrackerTests */,
			);
		};
/* End PBXProject section */

/* Begin PBXResourcesBuildPhase section */
		33C8C6441C5BF528002C427A /* Resources */ = {
			isa = PBXResourcesBuildPhase;
			buildActionMask = 2147483647;
			files = (
				33C8C6541C5BF528002C427A /* LaunchScreen.storyboard in Resources */,
				33C8C6511C5BF528002C427A /* Assets.xcassets in Resources */,
				33C8C64F1C5BF528002C427A /* Main.storyboard in Resources */,
			);
			runOnlyForDeploymentPostprocessing = 0;
		};
		33C8C6581C5BF529002C427A /* Resources */ = {
			isa = PBXResourcesBuildPhase;
			buildActionMask = 2147483647;
			files = (
			);
			runOnlyForDeploymentPostprocessing = 0;
		};
/* End PBXResourcesBuildPhase section */

/* Begin PBXSourcesBuildPhase section */
		33C8C6421C5BF528002C427A /* Sources */ = {
			isa = PBXSourcesBuildPhase;
			buildActionMask = 2147483647;
			files = (
				33590E281C628EBF00CC0247 /* Meal.swift in Sources */,
				33C8C64C1C5BF528002C427A /* MealViewController.swift in Sources */,
				337B848A1C615B3200AC4FC9 /* RatingControl.swift in Sources */,
				33C8C64A1C5BF528002C427A /* AppDelegate.swift in Sources */,
				33CDC73F1C6402B500257225 /* MealTableViewController.swift in Sources */,
				33CDC73D1C63E49500257225 /* MealTableViewCell.swift in Sources */,
			);
			runOnlyForDeploymentPostprocessing = 0;
		};
		33C8C6561C5BF529002C427A /* Sources */ = {
			isa = PBXSourcesBuildPhase;
			buildActionMask = 2147483647;
			files = (
				33590E291C628EBF00CC0247 /* Meal.swift in Sources */,
				33C8C65F1C5BF529002C427A /* FoodTrackerTests.swift in Sources */,
			);
			runOnlyForDeploymentPostprocessing = 0;
		};
/* End PBXSourcesBuildPhase section */

/* Begin PBXTargetDependency section */
		33C8C65C1C5BF529002C427A /* PBXTargetDependency */ = {
			isa = PBXTargetDependency;
			target = 33C8C6451C5BF528002C427A /* FoodTracker */;
			targetProxy = 33C8C65B1C5BF529002C427A /* PBXContainerItemProxy */;
		};
/* End PBXTargetDependency section */

/* Begin PBXVariantGroup section */
		33C8C64D1C5BF528002C427A /* Main.storyboard */ = {
			isa = PBXVariantGroup;
			children = (
				33C8C64E1C5BF528002C427A /* Base */,
			);
			name = Main.storyboard;
			sourceTree = "<group>";
		};
		33C8C6521C5BF528002C427A /* LaunchScreen.storyboard */ = {
			isa = PBXVariantGroup;
			children = (
				33C8C6531C5BF528002C427A /* Base */,
			);
			name = LaunchScreen.storyboard;
			sourceTree = "<group>";
		};
/* End PBXVariantGroup section */

/* Begin XCBuildConfiguration section */
		33C8C6611C5BF529002C427A /* Debug */ = {
			isa = XCBuildConfiguration;
			buildSettings = {
				ALWAYS_SEARCH_USER_PATHS = NO;
				CLANG_CXX_LANGUAGE_STANDARD = "gnu++0x";
				CLANG_CXX_LIBRARY = "libc++";
				CLANG_ENABLE_MODULES = YES;
				CLANG_ENABLE_OBJC_ARC = YES;
				CLANG_WARN_BOOL_CONVERSION = YES;
				CLANG_WARN_CONSTANT_CONVERSION = YES;
				CLANG_WARN_DIRECT_OBJC_ISA_USAGE = YES_ERROR;
				CLANG_WARN_EMPTY_BODY = YES;
				CLANG_WARN_ENUM_CONVERSION = YES;
				CLANG_WARN_INT_CONVERSION = YES;
				CLANG_WARN_OBJC_ROOT_CLASS = YES_ERROR;
				CLANG_WARN_UNREACHABLE_CODE = YES;
				CLANG_WARN__DUPLICATE_METHOD_MATCH = YES;
				"CODE_SIGN_IDENTITY[sdk=iphoneos*]" = "iPhone Developer";
				COPY_PHASE_STRIP = NO;
				DEBUG_INFORMATION_FORMAT = dwarf;
				ENABLE_STRICT_OBJC_MSGSEND = YES;
				ENABLE_TESTABILITY = YES;
				GCC_C_LANGUAGE_STANDARD = gnu99;
				GCC_DYNAMIC_NO_PIC = NO;
				GCC_NO_COMMON_BLOCKS = YES;
				GCC_OPTIMIZATION_LEVEL = 0;
				GCC_PREPROCESSOR_DEFINITIONS = (
					"DEBUG=1",
					"$(inherited)",
				);
				GCC_WARN_64_TO_32_BIT_CONVERSION = YES;
				GCC_WARN_ABOUT_RETURN_TYPE = YES_ERROR;
				GCC_WARN_UNDECLARED_SELECTOR = YES;
				GCC_WARN_UNINITIALIZED_AUTOS = YES_AGGRESSIVE;
				GCC_WARN_UNUSED_FUNCTION = YES;
				GCC_WARN_UNUSED_VARIABLE = YES;
				IPHONEOS_DEPLOYMENT_TARGET = 9.2;
				MTL_ENABLE_DEBUG_INFO = YES;
				ONLY_ACTIVE_ARCH = YES;
				SDKROOT = iphoneos;
				SWIFT_OPTIMIZATION_LEVEL = "-Onone";
				TARGETED_DEVICE_FAMILY = "1,2";
			};
			name = Debug;
		};
		33C8C6621C5BF529002C427A /* Release */ = {
			isa = XCBuildConfiguration;
			buildSettings = {
				ALWAYS_SEARCH_USER_PATHS = NO;
				CLANG_CXX_LANGUAGE_STANDARD = "gnu++0x";
				CLANG_CXX_LIBRARY = "libc++";
				CLANG_ENABLE_MODULES = YES;
				CLANG_ENABLE_OBJC_ARC = YES;
				CLANG_WARN_BOOL_CONVERSION = YES;
				CLANG_WARN_CONSTANT_CONVERSION = YES;
				CLANG_WARN_DIRECT_OBJC_ISA_USAGE = YES_ERROR;
				CLANG_WARN_EMPTY_BODY = YES;
				CLANG_WARN_ENUM_CONVERSION = YES;
				CLANG_WARN_INT_CONVERSION = YES;
				CLANG_WARN_OBJC_ROOT_CLASS = YES_ERROR;
				CLANG_WARN_UNREACHABLE_CODE = YES;
				CLANG_WARN__DUPLICATE_METHOD_MATCH = YES;
				"CODE_SIGN_IDENTITY[sdk=iphoneos*]" = "iPhone Developer";
				COPY_PHASE_STRIP = NO;
				DEBUG_INFORMATION_FORMAT = "dwarf-with-dsym";
				ENABLE_NS_ASSERTIONS = NO;
				ENABLE_STRICT_OBJC_MSGSEND = YES;
				GCC_C_LANGUAGE_STANDARD = gnu99;
				GCC_NO_COMMON_BLOCKS = YES;
				GCC_WARN_64_TO_32_BIT_CONVERSION = YES;
				GCC_WARN_ABOUT_RETURN_TYPE = YES_ERROR;
				GCC_WARN_UNDECLARED_SELECTOR = YES;
				GCC_WARN_UNINITIALIZED_AUTOS = YES_AGGRESSIVE;
				GCC_WARN_UNUSED_FUNCTION = YES;
				GCC_WARN_UNUSED_VARIABLE = YES;
				IPHONEOS_DEPLOYMENT_TARGET = 9.2;
				MTL_ENABLE_DEBUG_INFO = NO;
				SDKROOT = iphoneos;
				TARGETED_DEVICE_FAMILY = "1,2";
				VALIDATE_PRODUCT = YES;
			};
			name = Release;
		};
		33C8C6641C5BF529002C427A /* Debug */ = {
			isa = XCBuildConfiguration;
			buildSettings = {
				ASSETCATALOG_COMPILER_APPICON_NAME = AppIcon;
				INFOPLIST_FILE = FoodTracker/Info.plist;
				LD_RUNPATH_SEARCH_PATHS = "$(inherited) @executable_path/Frameworks";
				PRODUCT_BUNDLE_IDENTIFIER = com.example.FoodTracker;
				PRODUCT_NAME = "$(TARGET_NAME)";
			};
			name = Debug;
		};
		33C8C6651C5BF529002C427A /* Release */ = {
			isa = XCBuildConfiguration;
			buildSettings = {
				ASSETCATALOG_COMPILER_APPICON_NAME = AppIcon;
				INFOPLIST_FILE = FoodTracker/Info.plist;
				LD_RUNPATH_SEARCH_PATHS = "$(inherited) @executable_path/Frameworks";
				PRODUCT_BUNDLE_IDENTIFIER = com.example.FoodTracker;
				PRODUCT_NAME = "$(TARGET_NAME)";
			};
			name = Release;
		};
		33C8C6671C5BF529002C427A /* Debug */ = {
			isa = XCBuildConfiguration;
			buildSettings = {
				BUNDLE_LOADER = "$(TEST_HOST)";
				INFOPLIST_FILE = FoodTrackerTests/Info.plist;
				LD_RUNPATH_SEARCH_PATHS = "$(inherited) @executable_path/Frameworks @loader_path/Frameworks";
				PRODUCT_BUNDLE_IDENTIFIER = com.example.FoodTrackerTests;
				PRODUCT_NAME = "$(TARGET_NAME)";
				TEST_HOST = "$(BUILT_PRODUCTS_DIR)/FoodTracker.app/FoodTracker";
			};
			name = Debug;
		};
		33C8C6681C5BF529002C427A /* Release */ = {
			isa = XCBuildConfiguration;
			buildSettings = {
				BUNDLE_LOADER = "$(TEST_HOST)";
				INFOPLIST_FILE = FoodTrackerTests/Info.plist;
				LD_RUNPATH_SEARCH_PATHS = "$(inherited) @executable_path/Frameworks @loader_path/Frameworks";
				PRODUCT_BUNDLE_IDENTIFIER = com.example.FoodTrackerTests;
				PRODUCT_NAME = "$(TARGET_NAME)";
				TEST_HOST = "$(BUILT_PRODUCTS_DIR)/FoodTracker.app/FoodTracker";
			};
			name = Release;
		};
/* End XCBuildConfiguration section */

/* Begin XCConfigurationList section */
		33C8C6411C5BF528002C427A /* Build configuration list for PBXProject "FoodTracker" */ = {
			isa = XCConfigurationList;
			buildConfigurations = (
				33C8C6611C5BF529002C427A /* Debug */,
				33C8C6621C5BF529002C427A /* Release */,
			);
			defaultConfigurationIsVisible = 0;
			defaultConfigurationName = Release;
		};
		33C8C6631C5BF529002C427A /* Build configuration list for PBXNativeTarget "FoodTracker" */ = {
			isa = XCConfigurationList;
			buildConfigurations = (
				33C8C6641C5BF529002C427A /* Debug */,
				33C8C6651C5BF529002C427A /* Release */,
			);
			defaultConfigurationIsVisible = 0;
			defaultConfigurationName = Release;
		};
		33C8C6661C5BF529002C427A /* Build configuration list for PBXNativeTarget "FoodTrackerTests" */ = {
			isa = XCConfigurationList;
			buildConfigurations = (
				33C8C6671C5BF529002C427A /* Debug */,
				33C8C6681C5BF529002C427A /* Release */,
			);
			defaultConfigurationIsVisible = 0;
			defaultConfigurationName = Release;
		};
/* End XCConfigurationList section */
	};
	rootObject = 33C8C63E1C5BF528002C427A /* Project object */;
}
